// !$*UTF8*$!
{
	archiveVersion = 1;
	classes = {
	};
	objectVersion = 48;
	objects = {

/* Begin PBXBuildFile section */
		617362CAD66574910D889BA8 /* Pods_RxObservableTest.framework in Frameworks */ = {isa = PBXBuildFile; fileRef = 8424F5603E7C0F3F2CCBC2E9 /* Pods_RxObservableTest.framework */; };
		FC95ADFD20F0A1C5004E0501 /* AppDelegate.swift in Sources */ = {isa = PBXBuildFile; fileRef = FC95ADFC20F0A1C5004E0501 /* AppDelegate.swift */; };
		FC95ADFF20F0A1C5004E0501 /* ViewController.swift in Sources */ = {isa = PBXBuildFile; fileRef = FC95ADFE20F0A1C5004E0501 /* ViewController.swift */; };
		FC95AE0220F0A1C5004E0501 /* Main.storyboard in Resources */ = {isa = PBXBuildFile; fileRef = FC95AE0020F0A1C5004E0501 /* Main.storyboard */; };
		FC95AE0420F0A1C5004E0501 /* Assets.xcassets in Resources */ = {isa = PBXBuildFile; fileRef = FC95AE0320F0A1C5004E0501 /* Assets.xcassets */; };
		FC95AE0720F0A1C5004E0501 /* LaunchScreen.storyboard in Resources */ = {isa = PBXBuildFile; fileRef = FC95AE0520F0A1C5004E0501 /* LaunchScreen.storyboard */; };
/* End PBXBuildFile section */

/* Begin PBXContainerItemProxy section */
		FC95AE0E20F0A1C5004E0501 /* PBXContainerItemProxy */ = {
			isa = PBXContainerItemProxy;
			containerPortal = FC95ADF120F0A1C4004E0501 /* Project object */;
			proxyType = 1;
			remoteGlobalIDString = FC95ADF820F0A1C5004E0501;
			remoteInfo = RxObservableTest;
		};
		FC95AE1920F0A1C5004E0501 /* PBXContainerItemProxy */ = {
			isa = PBXContainerItemProxy;
			containerPortal = FC95ADF120F0A1C4004E0501 /* Project object */;
			proxyType = 1;
			remoteGlobalIDString = FC95ADF820F0A1C5004E0501;
			remoteInfo = RxObservableTest;
		};
/* End PBXContainerItemProxy section */

/* Begin PBXFileReference section */
		7BAE6A072F5C4A15945A577A /* Pods_RxObservableTestUITests.framework */ = {isa = PBXFileReference; explicitFileType = wrapper.framework; includeInIndex = 0; path = Pods_RxObservableTestUITests.framework; sourceTree = BUILT_PRODUCTS_DIR; };
		8424F5603E7C0F3F2CCBC2E9 /* Pods_RxObservableTest.framework */ = {isa = PBXFileReference; explicitFileType = wrapper.framework; includeInIndex = 0; path = Pods_RxObservableTest.framework; sourceTree = BUILT_PRODUCTS_DIR; };
		9B22F61386EE8D60EFA564A3 /* Pods_RxObservableTestTests.framework */ = {isa = PBXFileReference; explicitFileType = wrapper.framework; includeInIndex = 0; path = Pods_RxObservableTestTests.framework; sourceTree = BUILT_PRODUCTS_DIR; };
		CB45983E8A01AD6B1512AF69 /* Pods-RxObservableTest.debug.xcconfig */ = {isa = PBXFileReference; includeInIndex = 1; lastKnownFileType = text.xcconfig; name = "Pods-RxObservableTest.debug.xcconfig"; path = "Pods/Target Support Files/Pods-RxObservableTest/Pods-RxObservableTest.debug.xcconfig"; sourceTree = "<group>"; };
		FA83CB520F11A743AC07C78C /* Pods-RxObservableTest.release.xcconfig */ = {isa = PBXFileReference; includeInIndex = 1; lastKnownFileType = text.xcconfig; name = "Pods-RxObservableTest.release.xcconfig"; path = "Pods/Target Support Files/Pods-RxObservableTest/Pods-RxObservableTest.release.xcconfig"; sourceTree = "<group>"; };
		FC95ADF920F0A1C5004E0501 /* RxObservableTest.app */ = {isa = PBXFileReference; explicitFileType = wrapper.application; includeInIndex = 0; path = RxObservableTest.app; sourceTree = BUILT_PRODUCTS_DIR; };
		FC95ADFC20F0A1C5004E0501 /* AppDelegate.swift */ = {isa = PBXFileReference; lastKnownFileType = sourcecode.swift; path = AppDelegate.swift; sourceTree = "<group>"; };
		FC95ADFE20F0A1C5004E0501 /* ViewController.swift */ = {isa = PBXFileReference; lastKnownFileType = sourcecode.swift; path = ViewController.swift; sourceTree = "<group>"; };
		FC95AE0120F0A1C5004E0501 /* Base */ = {isa = PBXFileReference; lastKnownFileType = file.storyboard; name = Base; path = Base.lproj/Main.storyboard; sourceTree = "<group>"; };
		FC95AE0320F0A1C5004E0501 /* Assets.xcassets */ = {isa = PBXFileReference; lastKnownFileType = folder.assetcatalog; path = Assets.xcassets; sourceTree = "<group>"; };
		FC95AE0620F0A1C5004E0501 /* Base */ = {isa = PBXFileReference; lastKnownFileType = file.storyboard; name = Base; path = Base.lproj/LaunchScreen.storyboard; sourceTree = "<group>"; };
		FC95AE0820F0A1C5004E0501 /* Info.plist */ = {isa = PBXFileReference; lastKnownFileType = text.plist.xml; path = Info.plist; sourceTree = "<group>"; };
		FC95AE0D20F0A1C5004E0501 /* RxObservableTestTests.xctest */ = {isa = PBXFileReference; explicitFileType = wrapper.cfbundle; includeInIndex = 0; path = RxObservableTestTests.xctest; sourceTree = BUILT_PRODUCTS_DIR; };
		FC95AE1820F0A1C5004E0501 /* RxObservableTestUITests.xctest */ = {isa = PBXFileReference; explicitFileType = wrapper.cfbundle; includeInIndex = 0; path = RxObservableTestUITests.xctest; sourceTree = BUILT_PRODUCTS_DIR; };
/* End PBXFileReference section */

/* Begin PBXFrameworksBuildPhase section */
		FC95ADF620F0A1C5004E0501 /* Frameworks */ = {
			isa = PBXFrameworksBuildPhase;
			buildActionMask = 2147483647;
			files = (
				617362CAD66574910D889BA8 /* Pods_RxObservableTest.framework in Frameworks */,
			);
			runOnlyForDeploymentPostprocessing = 0;
		};
		FC95AE0A20F0A1C5004E0501 /* Frameworks */ = {
			isa = PBXFrameworksBuildPhase;
			buildActionMask = 2147483647;
			files = (
			);
			runOnlyForDeploymentPostprocessing = 0;
		};
		FC95AE1520F0A1C5004E0501 /* Frameworks */ = {
			isa = PBXFrameworksBuildPhase;
			buildActionMask = 2147483647;
			files = (
			);
			runOnlyForDeploymentPostprocessing = 0;
		};
/* End PBXFrameworksBuildPhase section */

/* Begin PBXGroup section */
		2E277A0EA8398DF0E6B1E2D5 /* Pods */ = {
			isa = PBXGroup;
			children = (
				CB45983E8A01AD6B1512AF69 /* Pods-RxObservableTest.debug.xcconfig */,
				FA83CB520F11A743AC07C78C /* Pods-RxObservableTest.release.xcconfig */,
			);
			name = Pods;
			sourceTree = "<group>";
		};
		CBCA38B3A16EA3776012C103 /* Frameworks */ = {
			isa = PBXGroup;
			children = (
				8424F5603E7C0F3F2CCBC2E9 /* Pods_RxObservableTest.framework */,
				9B22F61386EE8D60EFA564A3 /* Pods_RxObservableTestTests.framework */,
				7BAE6A072F5C4A15945A577A /* Pods_RxObservableTestUITests.framework */,
			);
			name = Frameworks;
			sourceTree = "<group>";
		};
		FC95ADF020F0A1C4004E0501 = {
			isa = PBXGroup;
			children = (
				FC95ADFB20F0A1C5004E0501 /* RxObservableTest */,
				FC95ADFA20F0A1C5004E0501 /* Products */,
				2E277A0EA8398DF0E6B1E2D5 /* Pods */,
				CBCA38B3A16EA3776012C103 /* Frameworks */,
			);
			sourceTree = "<group>";
		};
		FC95ADFA20F0A1C5004E0501 /* Products */ = {
			isa = PBXGroup;
			children = (
				FC95ADF920F0A1C5004E0501 /* RxObservableTest.app */,
				FC95AE0D20F0A1C5004E0501 /* RxObservableTestTests.xctest */,
				FC95AE1820F0A1C5004E0501 /* RxObservableTestUITests.xctest */,
			);
			name = Products;
			sourceTree = "<group>";
		};
		FC95ADFB20F0A1C5004E0501 /* RxObservableTest */ = {
			isa = PBXGroup;
			children = (
				FC95ADFC20F0A1C5004E0501 /* AppDelegate.swift */,
				FC95ADFE20F0A1C5004E0501 /* ViewController.swift */,
				FC95AE0020F0A1C5004E0501 /* Main.storyboard */,
				FC95AE0320F0A1C5004E0501 /* Assets.xcassets */,
				FC95AE0520F0A1C5004E0501 /* LaunchScreen.storyboard */,
				FC95AE0820F0A1C5004E0501 /* Info.plist */,
			);
			path = RxObservableTest;
			sourceTree = "<group>";
		};
/* End PBXGroup section */

/* Begin PBXNativeTarget section */
		FC95ADF820F0A1C5004E0501 /* RxObservableTest */ = {
			isa = PBXNativeTarget;
			buildConfigurationList = FC95AE2120F0A1C5004E0501 /* Build configuration list for PBXNativeTarget "RxObservableTest" */;
			buildPhases = (
				77FBF07E9AB0D9E0FB43278F /* [CP] Check Pods Manifest.lock */,
				FC95ADF520F0A1C5004E0501 /* Sources */,
				FC95ADF620F0A1C5004E0501 /* Frameworks */,
				FC95ADF720F0A1C5004E0501 /* Resources */,
				5B5741B110B5AC80D3EA19DF /* [CP] Embed Pods Frameworks */,
			);
			buildRules = (
			);
			dependencies = (
			);
			name = RxObservableTest;
			productName = RxObservableTest;
			productReference = FC95ADF920F0A1C5004E0501 /* RxObservableTest.app */;
			productType = "com.apple.product-type.application";
		};
		FC95AE0C20F0A1C5004E0501 /* RxObservableTestTests */ = {
			isa = PBXNativeTarget;
			buildConfigurationList = FC95AE2420F0A1C5004E0501 /* Build configuration list for PBXNativeTarget "RxObservableTestTests" */;
			buildPhases = (
				FC95AE0920F0A1C5004E0501 /* Sources */,
				FC95AE0A20F0A1C5004E0501 /* Frameworks */,
				FC95AE0B20F0A1C5004E0501 /* Resources */,
			);
			buildRules = (
			);
			dependencies = (
				FC95AE0F20F0A1C5004E0501 /* PBXTargetDependency */,
			);
			name = RxObservableTestTests;
			productName = RxObservableTestTests;
			productReference = FC95AE0D20F0A1C5004E0501 /* RxObservableTestTests.xctest */;
			productType = "com.apple.product-type.bundle.unit-test";
		};
		FC95AE1720F0A1C5004E0501 /* RxObservableTestUITests */ = {
			isa = PBXNativeTarget;
			buildConfigurationList = FC95AE2720F0A1C5004E0501 /* Build configuration list for PBXNativeTarget "RxObservableTestUITests" */;
			buildPhases = (
				FC95AE1420F0A1C5004E0501 /* Sources */,
				FC95AE1520F0A1C5004E0501 /* Frameworks */,
				FC95AE1620F0A1C5004E0501 /* Resources */,
			);
			buildRules = (
			);
			dependencies = (
				FC95AE1A20F0A1C5004E0501 /* PBXTargetDependency */,
			);
			name = RxObservableTestUITests;
			productName = RxObservableTestUITests;
			productReference = FC95AE1820F0A1C5004E0501 /* RxObservableTestUITests.xctest */;
			productType = "com.apple.product-type.bundle.ui-testing";
		};
/* End PBXNativeTarget section */

/* Begin PBXProject section */
		FC95ADF120F0A1C4004E0501 /* Project object */ = {
			isa = PBXProject;
			attributes = {
				LastSwiftUpdateCheck = 0910;
				LastUpgradeCheck = 0910;
				ORGANIZATIONNAME = Ios_Park;
				TargetAttributes = {
					FC95ADF820F0A1C5004E0501 = {
						CreatedOnToolsVersion = 9.1;
						ProvisioningStyle = Automatic;
					};
					FC95AE0C20F0A1C5004E0501 = {
						CreatedOnToolsVersion = 9.1;
						ProvisioningStyle = Automatic;
						TestTargetID = FC95ADF820F0A1C5004E0501;
					};
					FC95AE1720F0A1C5004E0501 = {
						CreatedOnToolsVersion = 9.1;
						ProvisioningStyle = Automatic;
						TestTargetID = FC95ADF820F0A1C5004E0501;
					};
				};
			};
			buildConfigurationList = FC95ADF420F0A1C4004E0501 /* Build configuration list for PBXProject "RxObservableTest" */;
			compatibilityVersion = "Xcode 8.0";
			developmentRegion = en;
			hasScannedForEncodings = 0;
			knownRegions = (
				en,
				Base,
			);
			mainGroup = FC95ADF020F0A1C4004E0501;
			productRefGroup = FC95ADFA20F0A1C5004E0501 /* Products */;
			projectDirPath = "";
			projectRoot = "";
			targets = (
				FC95ADF820F0A1C5004E0501 /* RxObservableTest */,
				FC95AE0C20F0A1C5004E0501 /* RxObservableTestTests */,
				FC95AE1720F0A1C5004E0501 /* RxObservableTestUITests */,
			);
		};
/* End PBXProject section */

/* Begin PBXResourcesBuildPhase section */
		FC95ADF720F0A1C5004E0501 /* Resources */ = {
			isa = PBXResourcesBuildPhase;
			buildActionMask = 2147483647;
			files = (
				FC95AE0720F0A1C5004E0501 /* LaunchScreen.storyboard in Resources */,
				FC95AE0420F0A1C5004E0501 /* Assets.xcassets in Resources */,
				FC95AE0220F0A1C5004E0501 /* Main.storyboard in Resources */,
			);
			runOnlyForDeploymentPostprocessing = 0;
		};
		FC95AE0B20F0A1C5004E0501 /* Resources */ = {
			isa = PBXResourcesBuildPhase;
			buildActionMask = 2147483647;
			files = (
			);
			runOnlyForDeploymentPostprocessing = 0;
		};
		FC95AE1620F0A1C5004E0501 /* Resources */ = {
			isa = PBXResourcesBuildPhase;
			buildActionMask = 2147483647;
			files = (
			);
			runOnlyForDeploymentPostprocessing = 0;
		};
/* End PBXResourcesBuildPhase section */

/* Begin PBXShellScriptBuildPhase section */
		5B5741B110B5AC80D3EA19DF /* [CP] Embed Pods Frameworks */ = {
			isa = PBXShellScriptBuildPhase;
			buildActionMask = 2147483647;
			files = (
			);
			inputPaths = (
				"${SRCROOT}/Pods/Target Support Files/Pods-RxObservableTest/Pods-RxObservableTest-frameworks.sh",
				"${BUILT_PRODUCTS_DIR}/RxCocoa/RxCocoa.framework",
				"${BUILT_PRODUCTS_DIR}/RxSwift/RxSwift.framework",
			);
			name = "[CP] Embed Pods Frameworks";
			outputPaths = (
				"${TARGET_BUILD_DIR}/${FRAMEWORKS_FOLDER_PATH}/RxCocoa.framework",
				"${TARGET_BUILD_DIR}/${FRAMEWORKS_FOLDER_PATH}/RxSwift.framework",
			);
			runOnlyForDeploymentPostprocessing = 0;
			shellPath = /bin/sh;
			shellScript = "\"${SRCROOT}/Pods/Target Support Files/Pods-RxObservableTest/Pods-RxObservableTest-frameworks.sh\"\n";
			showEnvVarsInLog = 0;
		};
		77FBF07E9AB0D9E0FB43278F /* [CP] Check Pods Manifest.lock */ = {
			isa = PBXShellScriptBuildPhase;
			buildActionMask = 2147483647;
			files = (
			);
			inputPaths = (
				"${PODS_PODFILE_DIR_PATH}/Podfile.lock",
				"${PODS_ROOT}/Manifest.lock",
			);
			name = "[CP] Check Pods Manifest.lock";
			outputPaths = (
				"$(DERIVED_FILE_DIR)/Pods-RxObservableTest-checkManifestLockResult.txt",
			);
			runOnlyForDeploymentPostprocessing = 0;
			shellPath = /bin/sh;
			shellScript = "diff \"${PODS_PODFILE_DIR_PATH}/Podfile.lock\" \"${PODS_ROOT}/Manifest.lock\" > /dev/null\nif [ $? != 0 ] ; then\n    # print error to STDERR\n    echo \"error: The sandbox is not in sync with the Podfile.lock. Run 'pod install' or update your CocoaPods installation.\" >&2\n    exit 1\nfi\n# This output is used by Xcode 'outputs' to avoid re-running this script phase.\necho \"SUCCESS\" > \"${SCRIPT_OUTPUT_FILE_0}\"\n";
			showEnvVarsInLog = 0;
		};
/* End PBXShellScriptBuildPhase section */

/* Begin PBXSourcesBuildPhase section */
		FC95ADF520F0A1C5004E0501 /* Sources */ = {
			isa = PBXSourcesBuildPhase;
			buildActionMask = 2147483647;
			files = (
				FC95ADFF20F0A1C5004E0501 /* ViewController.swift in Sources */,
				FC95ADFD20F0A1C5004E0501 /* AppDelegate.swift in Sources */,
			);
			runOnlyForDeploymentPostprocessing = 0;
		};
		FC95AE0920F0A1C5004E0501 /* Sources */ = {
			isa = PBXSourcesBuildPhase;
			buildActionMask = 2147483647;
			files = (
			);
			runOnlyForDeploymentPostprocessing = 0;
		};
		FC95AE1420F0A1C5004E0501 /* Sources */ = {
			isa = PBXSourcesBuildPhase;
			buildActionMask = 2147483647;
			files = (
			);
			runOnlyForDeploymentPostprocessing = 0;
		};
/* End PBXSourcesBuildPhase section */

/* Begin PBXTargetDependency section */
		FC95AE0F20F0A1C5004E0501 /* PBXTargetDependency */ = {
			isa = PBXTargetDependency;
			target = FC95ADF820F0A1C5004E0501 /* RxObservableTest */;
			targetProxy = FC95AE0E20F0A1C5004E0501 /* PBXContainerItemProxy */;
		};
		FC95AE1A20F0A1C5004E0501 /* PBXTargetDependency */ = {
			isa = PBXTargetDependency;
			target = FC95ADF820F0A1C5004E0501 /* RxObservableTest */;
			targetProxy = FC95AE1920F0A1C5004E0501 /* PBXContainerItemProxy */;
		};
/* End PBXTargetDependency section */

/* Begin PBXVariantGroup section */
		FC95AE0020F0A1C5004E0501 /* Main.storyboard */ = {
			isa = PBXVariantGroup;
			children = (
				FC95AE0120F0A1C5004E0501 /* Base */,
			);
			name = Main.storyboard;
			sourceTree = "<group>";
		};
		FC95AE0520F0A1C5004E0501 /* LaunchScreen.storyboard */ = {
			isa = PBXVariantGroup;
			children = (
				FC95AE0620F0A1C5004E0501 /* Base */,
			);
			name = LaunchScreen.storyboard;
			sourceTree = "<group>";
		};
/* End PBXVariantGroup section */

/* Begin XCBuildConfiguration section */
		FC95AE1F20F0A1C5004E0501 /* Debug */ = {
			isa = XCBuildConfiguration;
			buildSettings = {
				ALWAYS_SEARCH_USER_PATHS = NO;
				CLANG_ANALYZER_NONNULL = YES;
				CLANG_ANALYZER_NUMBER_OBJECT_CONVERSION = YES_AGGRESSIVE;
				CLANG_CXX_LANGUAGE_STANDARD = "gnu++14";
				CLANG_CXX_LIBRARY = "libc++";
				CLANG_ENABLE_MODULES = YES;
				CLANG_ENABLE_OBJC_ARC = YES;
				CLANG_WARN_BLOCK_CAPTURE_AUTORELEASING = YES;
				CLANG_WARN_BOOL_CONVERSION = YES;
				CLANG_WARN_COMMA = YES;
				CLANG_WARN_CONSTANT_CONVERSION = YES;
				CLANG_WARN_DIRECT_OBJC_ISA_USAGE = YES_ERROR;
				CLANG_WARN_DOCUMENTATION_COMMENTS = YES;
				CLANG_WARN_EMPTY_BODY = YES;
				CLANG_WARN_ENUM_CONVERSION = YES;
				CLANG_WARN_INFINITE_RECURSION = YES;
				CLANG_WARN_INT_CONVERSION = YES;
				CLANG_WARN_NON_LITERAL_NULL_CONVERSION = YES;
				CLANG_WARN_OBJC_LITERAL_CONVERSION = YES;
				CLANG_WARN_OBJC_ROOT_CLASS = YES_ERROR;
				CLANG_WARN_RANGE_LOOP_ANALYSIS = YES;
				CLANG_WARN_STRICT_PROTOTYPES = YES;
				CLANG_WARN_SUSPICIOUS_MOVE = YES;
				CLANG_WARN_UNGUARDED_AVAILABILITY = YES_AGGRESSIVE;
				CLANG_WARN_UNREACHABLE_CODE = YES;
				CLANG_WARN__DUPLICATE_METHOD_MATCH = YES;
				CODE_SIGN_IDENTITY = "iPhone Developer";
				COPY_PHASE_STRIP = NO;
				DEBUG_INFORMATION_FORMAT = dwarf;
				ENABLE_STRICT_OBJC_MSGSEND = YES;
				ENABLE_TESTABILITY = YES;
				GCC_C_LANGUAGE_STANDARD = gnu11;
				GCC_DYNAMIC_NO_PIC = NO;
				GCC_NO_COMMON_BLOCKS = YES;
				GCC_OPTIMIZATION_LEVEL = 0;
				GCC_PREPROCESSOR_DEFINITIONS = (
					"DEBUG=1",
					"$(inherited)",
				);
				GCC_WARN_64_TO_32_BIT_CONVERSION = YES;
				GCC_WARN_ABOUT_RETURN_TYPE = YES_ERROR;
				GCC_WARN_UNDECLARED_SELECTOR = YES;
				GCC_WARN_UNINITIALIZED_AUTOS = YES_AGGRESSIVE;
				GCC_WARN_UNUSED_FUNCTION = YES;
				GCC_WARN_UNUSED_VARIABLE = YES;
				IPHONEOS_DEPLOYMENT_TARGET = 11.1;
				MTL_ENABLE_DEBUG_INFO = YES;
				ONLY_ACTIVE_ARCH = YES;
				SDKROOT = iphoneos;
				SWIFT_ACTIVE_COMPILATION_CONDITIONS = DEBUG;
				SWIFT_OPTIMIZATION_LEVEL = "-Onone";
			};
			name = Debug;
		};
		FC95AE2020F0A1C5004E0501 /* Release */ = {
			isa = XCBuildConfiguration;
			buildSettings = {
				ALWAYS_SEARCH_USER_PATHS = NO;
				CLANG_ANALYZER_NONNULL = YES;
				CLANG_ANALYZER_NUMBER_OBJECT_CONVERSION = YES_AGGRESSIVE;
				CLANG_CXX_LANGUAGE_STANDARD = "gnu++14";
				CLANG_CXX_LIBRARY = "libc++";
				CLANG_ENABLE_MODULES = YES;
				CLANG_ENABLE_OBJC_ARC = YES;
				CLANG_WARN_BLOCK_CAPTURE_AUTORELEASING = YES;
				CLANG_WARN_BOOL_CONVERSION = YES;
				CLANG_WARN_COMMA = YES;
				CLANG_WARN_CONSTANT_CONVERSION = YES;
				CLANG_WARN_DIRECT_OBJC_ISA_USAGE = YES_ERROR;
				CLANG_WARN_DOCUMENTATION_COMMENTS = YES;
				CLANG_WARN_EMPTY_BODY = YES;
				CLANG_WARN_ENUM_CONVERSION = YES;
				CLANG_WARN_INFINITE_RECURSION = YES;
				CLANG_WARN_INT_CONVERSION = YES;
				CLANG_WARN_NON_LITERAL_NULL_CONVERSION = YES;
				CLANG_WARN_OBJC_LITERAL_CONVERSION = YES;
				CLANG_WARN_OBJC_ROOT_CLASS = YES_ERROR;
				CLANG_WARN_RANGE_LOOP_ANALYSIS = YES;
				CLANG_WARN_STRICT_PROTOTYPES = YES;
				CLANG_WARN_SUSPICIOUS_MOVE = YES;
				CLANG_WARN_UNGUARDED_AVAILABILITY = YES_AGGRESSIVE;
				CLANG_WARN_UNREACHABLE_CODE = YES;
				CLANG_WARN__DUPLICATE_METHOD_MATCH = YES;
				CODE_SIGN_IDENTITY = "iPhone Developer";
				COPY_PHASE_STRIP = NO;
				DEBUG_INFORMATION_FORMAT = "dwarf-with-dsym";
				ENABLE_NS_ASSERTIONS = NO;
				ENABLE_STRICT_OBJC_MSGSEND = YES;
				GCC_C_LANGUAGE_STANDARD = gnu11;
				GCC_NO_COMMON_BLOCKS = YES;
				GCC_WARN_64_TO_32_BIT_CONVERSION = YES;
				GCC_WARN_ABOUT_RETURN_TYPE = YES_ERROR;
				GCC_WARN_UNDECLARED_SELECTOR = YES;
				GCC_WARN_UNINITIALIZED_AUTOS = YES_AGGRESSIVE;
				GCC_WARN_UNUSED_FUNCTION = YES;
				GCC_WARN_UNUSED_VARIABLE = YES;
				IPHONEOS_DEPLOYMENT_TARGET = 11.1;
				MTL_ENABLE_DEBUG_INFO = NO;
				SDKROOT = iphoneos;
				SWIFT_OPTIMIZATION_LEVEL = "-Owholemodule";
				VALIDATE_PRODUCT = YES;
			};
			name = Release;
		};
		FC95AE2220F0A1C5004E0501 /* Debug */ = {
			isa = XCBuildConfiguration;
			baseConfigurationReference = CB45983E8A01AD6B1512AF69 /* Pods-RxObservableTest.debug.xcconfig */;
			buildSettings = {
				ASSETCATALOG_COMPILER_APPICON_NAME = AppIcon;
				CODE_SIGN_STYLE = Automatic;
				DEVELOPMENT_TEAM = 3BPKLMWSQR;
				INFOPLIST_FILE = RxObservableTest/Info.plist;
				LD_RUNPATH_SEARCH_PATHS = "$(inherited) @executable_path/Frameworks";
				PRODUCT_BUNDLE_IDENTIFIER = com.example.RxObservableTest;
				PRODUCT_NAME = "$(TARGET_NAME)";
				SWIFT_VERSION = 4.0;
				TARGETED_DEVICE_FAMILY = "1,2";
			};
			name = Debug;
		};
		FC95AE2320F0A1C5004E0501 /* Release */ = {
			isa = XCBuildConfiguration;
			baseConfigurationReference = FA83CB520F11A743AC07C78C /* Pods-RxObservableTest.release.xcconfig */;
			buildSettings = {
				ASSETCATALOG_COMPILER_APPICON_NAME = AppIcon;
				CODE_SIGN_STYLE = Automatic;
				DEVELOPMENT_TEAM = 3BPKLMWSQR;
				INFOPLIST_FILE = RxObservableTest/Info.plist;
				LD_RUNPATH_SEARCH_PATHS = "$(inherited) @executable_path/Frameworks";
				PRODUCT_BUNDLE_IDENTIFIER = com.example.RxObservableTest;
				PRODUCT_NAME = "$(TARGET_NAME)";
				SWIFT_VERSION = 4.0;
				TARGETED_DEVICE_FAMILY = "1,2";
			};
			name = Release;
		};
		FC95AE2520F0A1C5004E0501 /* Debug */ = {
			isa = XCBuildConfiguration;
			buildSettings = {
				ALWAYS_EMBED_SWIFT_STANDARD_LIBRARIES = YES;
				BUNDLE_LOADER = "$(TEST_HOST)";
				CODE_SIGN_STYLE = Automatic;
				DEVELOPMENT_TEAM = 3BPKLMWSQR;
				INFOPLIST_FILE = RxObservableTestTests/Info.plist;
				LD_RUNPATH_SEARCH_PATHS = "$(inherited) @executable_path/Frameworks @loader_path/Frameworks";
				PRODUCT_BUNDLE_IDENTIFIER = com.example.RxObservableTestTests;
				PRODUCT_NAME = "$(TARGET_NAME)";
				SWIFT_VERSION = 4.0;
				TARGETED_DEVICE_FAMILY = "1,2";
				TEST_HOST = "$(BUILT_PRODUCTS_DIR)/RxObservableTest.app/RxObservableTest";
			};
			name = Debug;
		};
		FC95AE2620F0A1C5004E0501 /* Release */ = {
			isa = XCBuildConfiguration;
			buildSettings = {
				ALWAYS_EMBED_SWIFT_STANDARD_LIBRARIES = YES;
				BUNDLE_LOADER = "$(TEST_HOST)";
				CODE_SIGN_STYLE = Automatic;
				DEVELOPMENT_TEAM = 3BPKLMWSQR;
				INFOPLIST_FILE = RxObservableTestTests/Info.plist;
				LD_RUNPATH_SEARCH_PATHS = "$(inherited) @executable_path/Frameworks @loader_path/Frameworks";
				PRODUCT_BUNDLE_IDENTIFIER = com.example.RxObservableTestTests;
				PRODUCT_NAME = "$(TARGET_NAME)";
				SWIFT_VERSION = 4.0;
				TARGETED_DEVICE_FAMILY = "1,2";
				TEST_HOST = "$(BUILT_PRODUCTS_DIR)/RxObservableTest.app/RxObservableTest";
			};
			name = Release;
		};
		FC95AE2820F0A1C5004E0501 /* Debug */ = {
			isa = XCBuildConfiguration;
			buildSettings = {
				ALWAYS_EMBED_SWIFT_STANDARD_LIBRARIES = YES;
				CODE_SIGN_STYLE = Automatic;
				DEVELOPMENT_TEAM = 3BPKLMWSQR;
				INFOPLIST_FILE = RxObservableTestUITests/Info.plist;
				LD_RUNPATH_SEARCH_PATHS = "$(inherited) @executable_path/Frameworks @loader_path/Frameworks";
				PRODUCT_BUNDLE_IDENTIFIER = com.example.RxObservableTestUITests;
				PRODUCT_NAME = "$(TARGET_NAME)";
				SWIFT_VERSION = 4.0;
				TARGETED_DEVICE_FAMILY = "1,2";
				TEST_TARGET_NAME = RxObservableTest;
			};
			name = Debug;
		};
		FC95AE2920F0A1C5004E0501 /* Release */ = {
			isa = XCBuildConfiguration;
			buildSettings = {
				ALWAYS_EMBED_SWIFT_STANDARD_LIBRARIES = YES;
				CODE_SIGN_STYLE = Automatic;
				DEVELOPMENT_TEAM = 3BPKLMWSQR;
				INFOPLIST_FILE = RxObservableTestUITests/Info.plist;
				LD_RUNPATH_SEARCH_PATHS = "$(inherited) @executable_path/Frameworks @loader_path/Frameworks";
				PRODUCT_BUNDLE_IDENTIFIER = com.example.RxObservableTestUITests;
				PRODUCT_NAME = "$(TARGET_NAME)";
				SWIFT_VERSION = 4.0;
				TARGETED_DEVICE_FAMILY = "1,2";
				TEST_TARGET_NAME = RxObservableTest;
			};
			name = Release;
		};
/* End XCBuildConfiguration section */

/* Begin XCConfigurationList section */
		FC95ADF420F0A1C4004E0501 /* Build configuration list for PBXProject "RxObservableTest" */ = {
			isa = XCConfigurationList;
			buildConfigurations = (
				FC95AE1F20F0A1C5004E0501 /* Debug */,
				FC95AE2020F0A1C5004E0501 /* Release */,
			);
			defaultConfigurationIsVisible = 0;
			defaultConfigurationName = Release;
		};
		FC95AE2120F0A1C5004E0501 /* Build configuration list for PBXNativeTarget "RxObservableTest" */ = {
			isa = XCConfigurationList;
			buildConfigurations = (
				FC95AE2220F0A1C5004E0501 /* Debug */,
				FC95AE2320F0A1C5004E0501 /* Release */,
			);
			defaultConfigurationIsVisible = 0;
			defaultConfigurationName = Release;
		};
		FC95AE2420F0A1C5004E0501 /* Build configuration list for PBXNativeTarget "RxObservableTestTests" */ = {
			isa = XCConfigurationList;
			buildConfigurations = (
				FC95AE2520F0A1C5004E0501 /* Debug */,
				FC95AE2620F0A1C5004E0501 /* Release */,
			);
			defaultConfigurationIsVisible = 0;
			defaultConfigurationName = Release;
		};
		FC95AE2720F0A1C5004E0501 /* Build configuration list for PBXNativeTarget "RxObservableTestUITests" */ = {
			isa = XCConfigurationList;
			buildConfigurations = (
				FC95AE2820F0A1C5004E0501 /* Debug */,
				FC95AE2920F0A1C5004E0501 /* Release */,
			);
			defaultConfigurationIsVisible = 0;
			defaultConfigurationName = Release;
		};
/* End XCConfigurationList section */
	};
	rootObject = FC95ADF120F0A1C4004E0501 /* Project object */;
}
